{
  "name": "ai-design-workflow-monorepo",
  "version": "0.1.0",
  "lockfileVersion": 3,
  "requires": true,
  "packages": {
    "": {
      "name": "ai-design-workflow-monorepo",
      "version": "0.1.0",
      "license": "MIT",
      "workspaces": [
        "packages/*"
      ],
      "engines": {
        "node": ">=18"
      }
    },
    "node_modules/ai-design-workflow": {
      "resolved": "packages/cli",
      "link": true
    },
    "packages/cli": {
      "name": "ai-design-workflow",
      "version": "0.1.0",
      "license": "MIT",
      "bin": {
        "design-workflow": "bin/design-workflow.mjs"
      },
      "engines": {
        "node": ">=18"
      }
    }
  }
}